# This file is automatically @generated by Cargo.
# It is not intended for manual editing.
version = 4

[[package]]
name = "borrow"
version = "0.1.0"

[[package]]
name = "enums"
version = "0.1.0"

[[package]]
name = "flow_control"
version = "0.1.0"

[[package]]
name = "functions"
version = "0.1.0"

[[package]]
name = "hello_cargo"
version = "0.1.0"

[[package]]
name = "ownership"
version = "0.1.0"

[[package]]
name = "packages_crates_modules"
version = "0.1.0"

[[package]]
name = "practice_01"
version = "0.1.0"

[[package]]
name = "practice_02"
version = "0.1.0"

[[package]]
name = "slices"
version = "0.1.0"

[[package]]
name = "struct_method"
version = "0.1.0"

[[package]]
name = "structs"
version = "0.1.0"

[[package]]
name = "variables"
version = "0.1.0"
